
Microsoft Visual Studio Solution File, Format Version 12.00
# Visual Studio Version 16
VisualStudioVersion = 16.0.30309.148
MinimumVisualStudioVersion = 10.0.40219.1
Project("{FAE04EC0-301F-11D3-BF4B-00C04F79EFBC}") = "ParkingInfo", "ParkingInfo\ParkingInfo.csproj", "{E7CC920C-D1DC-4BBC-B9F3-1D0662753FEE}"
EndProject
Project("{FAE04EC0-301F-11D3-BF4B-00C04F79EFBC}") = "ParkingAPI", "ParkingAPI\ParkingAPI.csproj", "{4FE59584-A71F-4AD2-9DB8-7023E64A6AC8}"
EndProject
Project("{FAE04EC0-301F-11D3-BF4B-00C04F79EFBC}") = "ParkingLibrary", "ParkingLibrary\ParkingLibrary.csproj", "{4EDDE9CF-E39D-4CAE-85C8-521C67FBA9F5}"
EndProject
Global
	GlobalSection(SolutionConfigurationPlatforms) = preSolution
		Debug|Any CPU = Debug|Any CPU
		Release|Any CPU = Release|Any CPU
	EndGlobalSection
	GlobalSection(ProjectConfigurationPlatforms) = postSolution
		{E7CC920C-D1DC-4BBC-B9F3-1D0662753FEE}.Debug|Any CPU.ActiveCfg = Debug|Any CPU
		{E7CC920C-D1DC-4BBC-B9F3-1D0662753FEE}.Debug|Any CPU.Build.0 = Debug|Any CPU
		{E7CC920C-D1DC-4BBC-B9F3-1D0662753FEE}.Release|Any CPU.ActiveCfg = Release|Any CPU
		{E7CC920C-D1DC-4BBC-B9F3-1D0662753FEE}.Release|Any CPU.Build.0 = Release|Any CPU
		{4FE59584-A71F-4AD2-9DB8-7023E64A6AC8}.Debug|Any CPU.ActiveCfg = Debug|Any CPU
		{4FE59584-A71F-4AD2-9DB8-7023E64A6AC8}.Debug|Any CPU.Build.0 = Debug|Any CPU
		{4FE59584-A71F-4AD2-9DB8-7023E64A6AC8}.Release|Any CPU.ActiveCfg = Release|Any CPU
		{4FE59584-A71F-4AD2-9DB8-7023E64A6AC8}.Release|Any CPU.Build.0 = Release|Any CPU
		{4EDDE9CF-E39D-4CAE-85C8-521C67FBA9F5}.Debug|Any CPU.ActiveCfg = Debug|Any CPU
		{4EDDE9CF-E39D-4CAE-85C8-521C67FBA9F5}.Debug|Any CPU.Build.0 = Debug|Any CPU
		{4EDDE9CF-E39D-4CAE-85C8-521C67FBA9F5}.Release|Any CPU.ActiveCfg = Release|Any CPU
		{4EDDE9CF-E39D-4CAE-85C8-521C67FBA9F5}.Release|Any CPU.Build.0 = Release|Any CPU
	EndGlobalSection
	GlobalSection(SolutionProperties) = preSolution
		HideSolutionNode = FALSE
	EndGlobalSection
	GlobalSection(ExtensibilityGlobals) = postSolution
		SolutionGuid = {BE8BE220-FB47-45CB-9568-0C35849798FD}
	EndGlobalSection
EndGlobal
